<?xml version="1.0" encoding="UTF-8"?>
<CodeBlocks_project_file>
	<FileVersion major="1" minor="6"/>
	<Project>
		<Option title="Example"/>
		<Option makefile_is_custom="1"/>
		<Option compiler="gcc"/>
		<Option virtualFolders="CMake Files\;"/>
		<Build>
			<Target title="all">
				<Option working_dir="/home/lvcheng1/messenger/log/example"/>
				<Option type="4"/>
				<MakeCommands>
					<Build command="/usr/bin/make -f &quot;/home/lvcheng1/messenger/log/example/Makefile&quot;  VERBOSE=1 all"/>
					<CompileFile command="/usr/bin/make -f &quot;/home/lvcheng1/messenger/log/example/Makefile&quot;  VERBOSE=1 &quot;$file&quot;"/>
					<Clean command="/usr/bin/make -f &quot;/home/lvcheng1/messenger/log/example/Makefile&quot;  VERBOSE=1 clean"/>
					<DistClean command="/usr/bin/make -f &quot;/home/lvcheng1/messenger/log/example/Makefile&quot;  VERBOSE=1 clean"/>
				</MakeCommands>
			</Target>
			<Target title="rebuild_cache">
				<Option working_dir="/home/lvcheng1/messenger/log/example"/>
				<Option type="4"/>
				<MakeCommands>
					<Build command="/usr/bin/make -f &quot;/home/lvcheng1/messenger/log/example/Makefile&quot;  VERBOSE=1 rebuild_cache"/>
					<CompileFile command="/usr/bin/make -f &quot;/home/lvcheng1/messenger/log/example/Makefile&quot;  VERBOSE=1 &quot;$file&quot;"/>
					<Clean command="/usr/bin/make -f &quot;/home/lvcheng1/messenger/log/example/Makefile&quot;  VERBOSE=1 clean"/>
					<DistClean command="/usr/bin/make -f &quot;/home/lvcheng1/messenger/log/example/Makefile&quot;  VERBOSE=1 clean"/>
				</MakeCommands>
			</Target>
			<Target title="Example">
				<Option output="/home/lvcheng1/messenger/log/example/Example" prefix_auto="0" extension_auto="0"/>
				<Option working_dir="/home/lvcheng1/messenger/log/example"/>
				<Option object_output="./"/>
				<Option type="1"/>
				<Option compiler="gcc"/>
				<Compiler>
					<Add directory="/home/lvcheng1/messenger/log/example/../include"/>
				</Compiler>
				<MakeCommands>
					<Build command="/usr/bin/make -f &quot;/home/lvcheng1/messenger/log/example/Makefile&quot;  VERBOSE=1 Example"/>
					<CompileFile command="/usr/bin/make -f &quot;/home/lvcheng1/messenger/log/example/Makefile&quot;  VERBOSE=1 &quot;$file&quot;"/>
					<Clean command="/usr/bin/make -f &quot;/home/lvcheng1/messenger/log/example/Makefile&quot;  VERBOSE=1 clean"/>
					<DistClean command="/usr/bin/make -f &quot;/home/lvcheng1/messenger/log/example/Makefile&quot;  VERBOSE=1 clean"/>
				</MakeCommands>
			</Target>
			<Target title="Example/fast">
				<Option output="/home/lvcheng1/messenger/log/example/Example" prefix_auto="0" extension_auto="0"/>
				<Option working_dir="/home/lvcheng1/messenger/log/example"/>
				<Option object_output="./"/>
				<Option type="1"/>
				<Option compiler="gcc"/>
				<Compiler>
					<Add directory="/home/lvcheng1/messenger/log/example/../include"/>
				</Compiler>
				<MakeCommands>
					<Build command="/usr/bin/make -f &quot;/home/lvcheng1/messenger/log/example/Makefile&quot;  VERBOSE=1 Example/fast"/>
					<CompileFile command="/usr/bin/make -f &quot;/home/lvcheng1/messenger/log/example/Makefile&quot;  VERBOSE=1 &quot;$file&quot;"/>
					<Clean command="/usr/bin/make -f &quot;/home/lvcheng1/messenger/log/example/Makefile&quot;  VERBOSE=1 clean"/>
					<DistClean command="/usr/bin/make -f &quot;/home/lvcheng1/messenger/log/example/Makefile&quot;  VERBOSE=1 clean"/>
				</MakeCommands>
			</Target>
			<Target title="edit_cache">
				<Option working_dir="/home/lvcheng1/messenger/log/example"/>
				<Option type="4"/>
				<MakeCommands>
					<Build command="/usr/bin/make -f &quot;/home/lvcheng1/messenger/log/example/Makefile&quot;  VERBOSE=1 edit_cache"/>
					<CompileFile command="/usr/bin/make -f &quot;/home/lvcheng1/messenger/log/example/Makefile&quot;  VERBOSE=1 &quot;$file&quot;"/>
					<Clean command="/usr/bin/make -f &quot;/home/lvcheng1/messenger/log/example/Makefile&quot;  VERBOSE=1 clean"/>
					<DistClean command="/usr/bin/make -f &quot;/home/lvcheng1/messenger/log/example/Makefile&quot;  VERBOSE=1 clean"/>
				</MakeCommands>
			</Target>
		</Build>
		<Unit filename="/home/lvcheng1/messenger/log/example/main.cc">
			<Option target="Example"/>
		</Unit>
		<Unit filename="/home/lvcheng1/messenger/log/src/mlog.cc">
			<Option target="Example"/>
		</Unit>
		<Unit filename="/home/lvcheng1/messenger/log/example/CMakeLists.txt">
			<Option virtualFolder="CMake Files\"/>
		</Unit>
	</Project>
</CodeBlocks_project_file>
